dependencies:
- name: common
  repository: https://charts.bitnami.com/bitnami
  version: 2.31.3
- name: iam-runtime-infratographer
  repository: https://infratographer.github.io/charts
  version: v1.2.1
digest: sha256:27bd266a38436e5b1ecb1f205ff03dcfba67f511c414e5c58467ed2eeb79a4d2
generated: "2026-06-22T16:10:49.049232215Z"
