dependencies:
- name: common
  repository: https://charts.bitnami.com/bitnami
  version: 2.12.0
- name: k8s-otel-collector
  repository: https://helm.equinixmetal.com
  version: 0.6.1
digest: sha256:bad4ebe920dec521e0e0ba72bfdae494c25957bccbf0915707bc0424c6f792a6
generated: "2023-09-27T23:30:44.279773516Z"
